
Microsoft Visual Studio Solution File, Format Version 12.00
# Visual Studio Version 17
VisualStudioVersion = 17.0.31717.71
MinimumVisualStudioVersion = 10.0.40219.1
Project("{FAE04EC0-301F-11D3-BF4B-00C04F79EFBC}") = "3931 Project windows forms", "3931 Project windows forms\3931 Project windows forms.csproj", "{3BA42D31-0E1D-4B78-8923-439DFA0AAFD4}"
EndProject
Project("{8BC9CEB8-8B4A-11D0-8D11-00A0C91BC942}") = "RecordDLL", "RecordDLL\RecordDLL.vcxproj", "{F7813273-9702-4FF9-8AF3-A1A9E28D583D}"
EndProject
Global
	GlobalSection(SolutionConfigurationPlatforms) = preSolution
		Debug|Any CPU = Debug|Any CPU
		Debug|x64 = Debug|x64
		Debug|x86 = Debug|x86
		Release|Any CPU = Release|Any CPU
		Release|x64 = Release|x64
		Release|x86 = Release|x86
	EndGlobalSection
	GlobalSection(ProjectConfigurationPlatforms) = postSolution
		{3BA42D31-0E1D-4B78-8923-439DFA0AAFD4}.Debug|Any CPU.ActiveCfg = Debug|Any CPU
		{3BA42D31-0E1D-4B78-8923-439DFA0AAFD4}.Debug|Any CPU.Build.0 = Debug|Any CPU
		{3BA42D31-0E1D-4B78-8923-439DFA0AAFD4}.Debug|x64.ActiveCfg = Debug|Any CPU
		{3BA42D31-0E1D-4B78-8923-439DFA0AAFD4}.Debug|x64.Build.0 = Debug|Any CPU
		{3BA42D31-0E1D-4B78-8923-439DFA0AAFD4}.Debug|x86.ActiveCfg = Debug|Any CPU
		{3BA42D31-0E1D-4B78-8923-439DFA0AAFD4}.Debug|x86.Build.0 = Debug|Any CPU
		{3BA42D31-0E1D-4B78-8923-439DFA0AAFD4}.Release|Any CPU.ActiveCfg = Release|Any CPU
		{3BA42D31-0E1D-4B78-8923-439DFA0AAFD4}.Release|Any CPU.Build.0 = Release|Any CPU
		{3BA42D31-0E1D-4B78-8923-439DFA0AAFD4}.Release|x64.ActiveCfg = Release|Any CPU
		{3BA42D31-0E1D-4B78-8923-439DFA0AAFD4}.Release|x64.Build.0 = Release|Any CPU
		{3BA42D31-0E1D-4B78-8923-439DFA0AAFD4}.Release|x86.ActiveCfg = Release|Any CPU
		{3BA42D31-0E1D-4B78-8923-439DFA0AAFD4}.Release|x86.Build.0 = Release|Any CPU
		{F7813273-9702-4FF9-8AF3-A1A9E28D583D}.Debug|Any CPU.ActiveCfg = Debug|Win32
		{F7813273-9702-4FF9-8AF3-A1A9E28D583D}.Debug|x64.ActiveCfg = Debug|x64
		{F7813273-9702-4FF9-8AF3-A1A9E28D583D}.Debug|x64.Build.0 = Debug|x64
		{F7813273-9702-4FF9-8AF3-A1A9E28D583D}.Debug|x86.ActiveCfg = Debug|Win32
		{F7813273-9702-4FF9-8AF3-A1A9E28D583D}.Debug|x86.Build.0 = Debug|Win32
		{F7813273-9702-4FF9-8AF3-A1A9E28D583D}.Release|Any CPU.ActiveCfg = Release|Win32
		{F7813273-9702-4FF9-8AF3-A1A9E28D583D}.Release|x64.ActiveCfg = Release|x64
		{F7813273-9702-4FF9-8AF3-A1A9E28D583D}.Release|x64.Build.0 = Release|x64
		{F7813273-9702-4FF9-8AF3-A1A9E28D583D}.Release|x86.ActiveCfg = Release|Win32
		{F7813273-9702-4FF9-8AF3-A1A9E28D583D}.Release|x86.Build.0 = Release|Win32
	EndGlobalSection
	GlobalSection(SolutionProperties) = preSolution
		HideSolutionNode = FALSE
	EndGlobalSection
	GlobalSection(ExtensibilityGlobals) = postSolution
		SolutionGuid = {5EF71A44-32A6-4CC1-A9EC-64D5C8CFB3B6}
	EndGlobalSection
EndGlobal
